
Microsoft Visual Studio Solution File, Format Version 12.00
# Visual Studio 14
VisualStudioVersion = 14.0.25123.0
MinimumVisualStudioVersion = 10.0.40219.1
Project("{FAE04EC0-301F-11D3-BF4B-00C04F79EFBC}") = "BattleNetSharp.Community", "BattleNetSharp.Community\BattleNetSharp.Community.csproj", "{AFE15423-169D-4D79-9824-5D41F6646DBF}"
EndProject
Project("{FAE04EC0-301F-11D3-BF4B-00C04F79EFBC}") = "BattleNetSharp.UnitTests", "BattleNetSharp.UnitTests\BattleNetSharp.UnitTests.csproj", "{FFA127DD-8420-44C7-9CFC-143137B6F61D}"
EndProject
Project("{FAE04EC0-301F-11D3-BF4B-00C04F79EFBC}") = "BattleNetSharp.ApiClient.TestConsole", "BattleNetSharp.ApiClient.TestConsole\BattleNetSharp.ApiClient.TestConsole.csproj", "{A0716778-F2B3-4FC9-9FB9-975E1291775A}"
EndProject
Global
	GlobalSection(SolutionConfigurationPlatforms) = preSolution
		Debug|Any CPU = Debug|Any CPU
		Release|Any CPU = Release|Any CPU
	EndGlobalSection
	GlobalSection(ProjectConfigurationPlatforms) = postSolution
		{AFE15423-169D-4D79-9824-5D41F6646DBF}.Debug|Any CPU.ActiveCfg = Debug|Any CPU
		{AFE15423-169D-4D79-9824-5D41F6646DBF}.Debug|Any CPU.Build.0 = Debug|Any CPU
		{AFE15423-169D-4D79-9824-5D41F6646DBF}.Release|Any CPU.ActiveCfg = Release|Any CPU
		{AFE15423-169D-4D79-9824-5D41F6646DBF}.Release|Any CPU.Build.0 = Release|Any CPU
		{FFA127DD-8420-44C7-9CFC-143137B6F61D}.Debug|Any CPU.ActiveCfg = Debug|Any CPU
		{FFA127DD-8420-44C7-9CFC-143137B6F61D}.Debug|Any CPU.Build.0 = Debug|Any CPU
		{FFA127DD-8420-44C7-9CFC-143137B6F61D}.Release|Any CPU.ActiveCfg = Release|Any CPU
		{FFA127DD-8420-44C7-9CFC-143137B6F61D}.Release|Any CPU.Build.0 = Release|Any CPU
		{A0716778-F2B3-4FC9-9FB9-975E1291775A}.Debug|Any CPU.ActiveCfg = Debug|Any CPU
		{A0716778-F2B3-4FC9-9FB9-975E1291775A}.Debug|Any CPU.Build.0 = Debug|Any CPU
		{A0716778-F2B3-4FC9-9FB9-975E1291775A}.Release|Any CPU.ActiveCfg = Release|Any CPU
		{A0716778-F2B3-4FC9-9FB9-975E1291775A}.Release|Any CPU.Build.0 = Release|Any CPU
	EndGlobalSection
	GlobalSection(SolutionProperties) = preSolution
		HideSolutionNode = FALSE
	EndGlobalSection
EndGlobal
